
Microsoft Visual Studio Solution File, Format Version 12.00
# Visual Studio Version 17
VisualStudioVersion = 17.7.34024.191
MinimumVisualStudioVersion = 10.0.40219.1
Project("{FAE04EC0-301F-11D3-BF4B-00C04F79EFBC}") = "csharp-lista-indirizzi", "csharp-lista-indirizzi\csharp-lista-indirizzi.csproj", "{C6B64AAD-08D8-4D3D-AD4E-0311BD76A309}"
EndProject
Global
	GlobalSection(SolutionConfigurationPlatforms) = preSolution
		Debug|Any CPU = Debug|Any CPU
		Release|Any CPU = Release|Any CPU
	EndGlobalSection
	GlobalSection(ProjectConfigurationPlatforms) = postSolution
		{C6B64AAD-08D8-4D3D-AD4E-0311BD76A309}.Debug|Any CPU.ActiveCfg = Debug|Any CPU
		{C6B64AAD-08D8-4D3D-AD4E-0311BD76A309}.Debug|Any CPU.Build.0 = Debug|Any CPU
		{C6B64AAD-08D8-4D3D-AD4E-0311BD76A309}.Release|Any CPU.ActiveCfg = Release|Any CPU
		{C6B64AAD-08D8-4D3D-AD4E-0311BD76A309}.Release|Any CPU.Build.0 = Release|Any CPU
	EndGlobalSection
	GlobalSection(SolutionProperties) = preSolution
		HideSolutionNode = FALSE
	EndGlobalSection
	GlobalSection(ExtensibilityGlobals) = postSolution
		SolutionGuid = {258D280E-99AE-4361-9454-C5252C4110F7}
	EndGlobalSection
EndGlobal
